hash: d60a25310f875c54b8ec9074fec2cf77b2f5214174ab4530d8d87c5f5740f1c2
updated: 2020-04-12T18:44:31.586772623+05:30
imports:
- name: github.com/graphql-go/graphql
  version: 02caa8943d64d9cd60bd67f2bc163676716bb963
  subpackages:
  - gqlerrors
  - language/ast
  - language/kinds
  - language/lexer
  - language/location
  - language/parser
  - language/printer
  - language/source
  - language/typeInfo
  - language/visitor
- name: github.com/graphql-go/handler
  version: c1267356e6539d975e83bbea383c2bbb861dce5b
testImports: []
